
Microsoft Visual Studio Solution File, Format Version 12.00
# Visual Studio Version 17
VisualStudioVersion = 17.14.36511.14
MinimumVisualStudioVersion = 10.0.40219.1
Project("{FAE04EC0-301F-11D3-BF4B-00C04F79EFBC}") = "GLMS", "GLMS\GLMS.csproj", "{C5C8AB18-CC91-4141-A47F-0754374383A7}"
EndProject
Project("{FAE04EC0-301F-11D3-BF4B-00C04F79EFBC}") = "GLMS.Tests", "GLMS.Tests\GLMS.Tests.csproj", "{14862C75-A814-4B57-A563-192BB78F249A}"
EndProject
Global
	GlobalSection(SolutionConfigurationPlatforms) = preSolution
		Debug|Any CPU = Debug|Any CPU
		Debug|x64 = Debug|x64
		Debug|x86 = Debug|x86
		Release|Any CPU = Release|Any CPU
		Release|x64 = Release|x64
		Release|x86 = Release|x86
	EndGlobalSection
	GlobalSection(ProjectConfigurationPlatforms) = postSolution
		{C5C8AB18-CC91-4141-A47F-0754374383A7}.Debug|Any CPU.ActiveCfg = Debug|Any CPU
		{C5C8AB18-CC91-4141-A47F-0754374383A7}.Debug|Any CPU.Build.0 = Debug|Any CPU
		{C5C8AB18-CC91-4141-A47F-0754374383A7}.Debug|x64.ActiveCfg = Debug|Any CPU
		{C5C8AB18-CC91-4141-A47F-0754374383A7}.Debug|x64.Build.0 = Debug|Any CPU
		{C5C8AB18-CC91-4141-A47F-0754374383A7}.Debug|x86.ActiveCfg = Debug|Any CPU
		{C5C8AB18-CC91-4141-A47F-0754374383A7}.Debug|x86.Build.0 = Debug|Any CPU
		{C5C8AB18-CC91-4141-A47F-0754374383A7}.Release|Any CPU.ActiveCfg = Release|Any CPU
		{C5C8AB18-CC91-4141-A47F-0754374383A7}.Release|Any CPU.Build.0 = Release|Any CPU
		{C5C8AB18-CC91-4141-A47F-0754374383A7}.Release|x64.ActiveCfg = Release|Any CPU
		{C5C8AB18-CC91-4141-A47F-0754374383A7}.Release|x64.Build.0 = Release|Any CPU
		{C5C8AB18-CC91-4141-A47F-0754374383A7}.Release|x86.ActiveCfg = Release|Any CPU
		{C5C8AB18-CC91-4141-A47F-0754374383A7}.Release|x86.Build.0 = Release|Any CPU
		{14862C75-A814-4B57-A563-192BB78F249A}.Debug|Any CPU.ActiveCfg = Debug|Any CPU
		{14862C75-A814-4B57-A563-192BB78F249A}.Debug|Any CPU.Build.0 = Debug|Any CPU
		{14862C75-A814-4B57-A563-192BB78F249A}.Debug|x64.ActiveCfg = Debug|Any CPU
		{14862C75-A814-4B57-A563-192BB78F249A}.Debug|x64.Build.0 = Debug|Any CPU
		{14862C75-A814-4B57-A563-192BB78F249A}.Debug|x86.ActiveCfg = Debug|Any CPU
		{14862C75-A814-4B57-A563-192BB78F249A}.Debug|x86.Build.0 = Debug|Any CPU
		{14862C75-A814-4B57-A563-192BB78F249A}.Release|Any CPU.ActiveCfg = Release|Any CPU
		{14862C75-A814-4B57-A563-192BB78F249A}.Release|Any CPU.Build.0 = Release|Any CPU
		{14862C75-A814-4B57-A563-192BB78F249A}.Release|x64.ActiveCfg = Release|Any CPU
		{14862C75-A814-4B57-A563-192BB78F249A}.Release|x64.Build.0 = Release|Any CPU
		{14862C75-A814-4B57-A563-192BB78F249A}.Release|x86.ActiveCfg = Release|Any CPU
		{14862C75-A814-4B57-A563-192BB78F249A}.Release|x86.Build.0 = Release|Any CPU
	EndGlobalSection
	GlobalSection(SolutionProperties) = preSolution
		HideSolutionNode = FALSE
	EndGlobalSection
	GlobalSection(ExtensibilityGlobals) = postSolution
		SolutionGuid = {CE426711-46E3-4EBC-8266-EA6D3FADCF85}
	EndGlobalSection
EndGlobal
